<?xml version="1.0" encoding="UTF-8" standalone="yes" ?>
<CodeBlocks_project_file>
	<FileVersion major="1" minor="6" />
	<Project>
		<Option title="simulavr-plugin" />
		<Option pch_mode="2" />
		<Option compiler="gcc" />
		<Build>
			<Target title="default">
				<Option output="simulavr" prefix_auto="0" extension_auto="1" />
				<Option type="3" />
				<Option compiler="gcc" />
				<Option host_application="codeblocks" />
				<Option run_host_application_in_terminal="0" />
				<Compiler>
					<Add option="-ansi" />
					<Add option="-g" />
					<Add option="`pkg-config --cflags codeblocks`" />
					<Add option="`wx-config --cflags`" />
					<Add option="-fPIC" />
				</Compiler>
				<Linker>
					<Add option="`pkg-config --libs codeblocks`" />
					<Add option="`wx-config --libs`" />
				</Linker>
				<ExtraCommands>
					<Add after="zip simulavr.zip manifest.xml images/*.png" />
					<Add after="zip -j9 simulavr-plugin.cbplugin simulavr.so simulavr.zip" />
					<Mode after="always" />
				</ExtraCommands>
			</Target>
		</Build>
		<Compiler>
			<Add directory="/usr/include/codeblocks" />
			<Add directory="/usr/include/wx-3.0" />
		</Compiler>
		<Unit filename="images/ledoff.png" />
		<Unit filename="images/ledon.png" />
		<Unit filename="images/ledtri.png" />
		<Unit filename="images/temp_dn.png" />
		<Unit filename="images/temp_up.png" />
		<Unit filename="manifest.xml" />
		<Unit filename="toolbarplugin.cpp" />
		<Unit filename="toolbarplugin.h" />
		<Extensions>
			<code_completion />
			<debugger />
		</Extensions>
	</Project>
</CodeBlocks_project_file>
